// !$*UTF8*$!
{
	archiveVersion = 1;
	classes = {
	};
	objectVersion = 46;
	objects = {

/* Begin PBXBuildFile section */
		CB707C2819FC555B0075010C /* AppDelegate.swift in Sources */ = {isa = PBXBuildFile; fileRef = CB707C2719FC555B0075010C /* AppDelegate.swift */; };
		CB707C2A19FC555B0075010C /* ViewController.swift in Sources */ = {isa = PBXBuildFile; fileRef = CB707C2919FC555B0075010C /* ViewController.swift */; };
		CB707C2C19FC555B0075010C /* Images.xcassets in Resources */ = {isa = PBXBuildFile; fileRef = CB707C2B19FC555B0075010C /* Images.xcassets */; };
		CB707C2F19FC555B0075010C /* Main.storyboard in Resources */ = {isa = PBXBuildFile; fileRef = CB707C2D19FC555B0075010C /* Main.storyboard */; };
		CB707C3B19FC555B0075010C /* learnMacOSTests.swift in Sources */ = {isa = PBXBuildFile; fileRef = CB707C3A19FC555B0075010C /* learnMacOSTests.swift */; };
/* End PBXBuildFile section */

/* Begin PBXContainerItemProxy section */
		CB707C3519FC555B0075010C /* PBXContainerItemProxy */ = {
			isa = PBXContainerItemProxy;
			containerPortal = CB707C1A19FC555B0075010C /* Project object */;
			proxyType = 1;
			remoteGlobalIDString = CB707C2119FC555B0075010C;
			remoteInfo = learnMacOS;
		};
/* End PBXContainerItemProxy section */

/* Begin PBXFileReference section */
		CB707C2219FC555B0075010C /* learnMacOS.app */ = {isa = PBXFileReference; explicitFileType = wrapper.application; includeInIndex = 0; path = learnMacOS.app; sourceTree = BUILT_PRODUCTS_DIR; };
		CB707C2619FC555B0075010C /* Info.plist */ = {isa = PBXFileReference; lastKnownFileType = text.plist.xml; path = Info.plist; sourceTree = "<group>"; };
		CB707C2719FC555B0075010C /* AppDelegate.swift */ = {isa = PBXFileReference; lastKnownFileType = sourcecode.swift; path = AppDelegate.swift; sourceTree = "<group>"; };
		CB707C2919FC555B0075010C /* ViewController.swift */ = {isa = PBXFileReference; lastKnownFileType = sourcecode.swift; path = ViewController.swift; sourceTree = "<group>"; };
		CB707C2B19FC555B0075010C /* Images.xcassets */ = {isa = PBXFileReference; lastKnownFileType = folder.assetcatalog; path = Images.xcassets; sourceTree = "<group>"; };
		CB707C2E19FC555B0075010C /* Base */ = {isa = PBXFileReference; lastKnownFileType = file.storyboard; name = Base; path = Base.lproj/Main.storyboard; sourceTree = "<group>"; };
		CB707C3419FC555B0075010C /* learnMacOSTests.xctest */ = {isa = PBXFileReference; explicitFileType = wrapper.cfbundle; includeInIndex = 0; path = learnMacOSTests.xctest; sourceTree = BUILT_PRODUCTS_DIR; };
		CB707C3919FC555B0075010C /* Info.plist */ = {isa = PBXFileReference; lastKnownFileType = text.plist.xml; path = Info.plist; sourceTree = "<group>"; };
		CB707C3A19FC555B0075010C /* learnMacOSTests.swift */ = {isa = PBXFileReference; lastKnownFileType = sourcecode.swift; path = learnMacOSTests.swift; sourceTree = "<group>"; };
/* End PBXFileReference section */

/* Begin PBXFrameworksBuildPhase section */
		CB707C1F19FC555B0075010C /* Frameworks */ = {
			isa = PBXFrameworksBuildPhase;
			buildActionMask = 2147483647;
			files = (
			);
			runOnlyForDeploymentPostprocessing = 0;
		};
		CB707C3119FC555B0075010C /* Frameworks */ = {
			isa = PBXFrameworksBuildPhase;
			buildActionMask = 2147483647;
			files = (
			);
			runOnlyForDeploymentPostprocessing = 0;
		};
/* End PBXFrameworksBuildPhase section */

/* Begin PBXGroup section */
		CB707C1919FC555B0075010C = {
			isa = PBXGroup;
			children = (
				CB707C2419FC555B0075010C /* learnMacOS */,
				CB707C3719FC555B0075010C /* learnMacOSTests */,
				CB707C2319FC555B0075010C /* Products */,
			);
			sourceTree = "<group>";
		};
		CB707C2319FC555B0075010C /* Products */ = {
			isa = PBXGroup;
			children = (
				CB707C2219FC555B0075010C /* learnMacOS.app */,
				CB707C3419FC555B0075010C /* learnMacOSTests.xctest */,
			);
			name = Products;
			sourceTree = "<group>";
		};
		CB707C2419FC555B0075010C /* learnMacOS */ = {
			isa = PBXGroup;
			children = (
				CB707C2719FC555B0075010C /* AppDelegate.swift */,
				CB707C2919FC555B0075010C /* ViewController.swift */,
				CB707C2B19FC555B0075010C /* Images.xcassets */,
				CB707C2D19FC555B0075010C /* Main.storyboard */,
				CB707C2519FC555B0075010C /* Supporting Files */,
			);
			path = learnMacOS;
			sourceTree = "<group>";
		};
		CB707C2519FC555B0075010C /* Supporting Files */ = {
			isa = PBXGroup;
			children = (
				CB707C2619FC555B0075010C /* Info.plist */,
			);
			name = "Supporting Files";
			sourceTree = "<group>";
		};
		CB707C3719FC555B0075010C /* learnMacOSTests */ = {
			isa = PBXGroup;
			children = (
				CB707C3A19FC555B0075010C /* learnMacOSTests.swift */,
				CB707C3819FC555B0075010C /* Supporting Files */,
			);
			path = learnMacOSTests;
			sourceTree = "<group>";
		};
		CB707C3819FC555B0075010C /* Supporting Files */ = {
			isa = PBXGroup;
			children = (
				CB707C3919FC555B0075010C /* Info.plist */,
			);
			name = "Supporting Files";
			sourceTree = "<group>";
		};
/* End PBXGroup section */

/* Begin PBXNativeTarget section */
		CB707C2119FC555B0075010C /* learnMacOS */ = {
			isa = PBXNativeTarget;
			buildConfigurationList = CB707C3E19FC555B0075010C /* Build configuration list for PBXNativeTarget "learnMacOS" */;
			buildPhases = (
				CB707C1E19FC555B0075010C /* Sources */,
				CB707C1F19FC555B0075010C /* Frameworks */,
				CB707C2019FC555B0075010C /* Resources */,
			);
			buildRules = (
			);
			dependencies = (
			);
			name = learnMacOS;
			productName = learnMacOS;
			productReference = CB707C2219FC555B0075010C /* learnMacOS.app */;
			productType = "com.apple.product-type.application";
		};
		CB707C3319FC555B0075010C /* learnMacOSTests */ = {
			isa = PBXNativeTarget;
			buildConfigurationList = CB707C4119FC555B0075010C /* Build configuration list for PBXNativeTarget "learnMacOSTests" */;
			buildPhases = (
				CB707C3019FC555B0075010C /* Sources */,
				CB707C3119FC555B0075010C /* Frameworks */,
				CB707C3219FC555B0075010C /* Resources */,
			);
			buildRules = (
			);
			dependencies = (
				CB707C3619FC555B0075010C /* PBXTargetDependency */,
			);
			name = learnMacOSTests;
			productName = learnMacOSTests;
			productReference = CB707C3419FC555B0075010C /* learnMacOSTests.xctest */;
			productType = "com.apple.product-type.bundle.unit-test";
		};
/* End PBXNativeTarget section */

/* Begin PBXProject section */
		CB707C1A19FC555B0075010C /* Project object */ = {
			isa = PBXProject;
			attributes = {
				LastUpgradeCheck = 0610;
				ORGANIZATIONNAME = "Hive Theory";
				TargetAttributes = {
					CB707C2119FC555B0075010C = {
						CreatedOnToolsVersion = 6.1;
					};
					CB707C3319FC555B0075010C = {
						CreatedOnToolsVersion = 6.1;
						TestTargetID = CB707C2119FC555B0075010C;
					};
				};
			};
			buildConfigurationList = CB707C1D19FC555B0075010C /* Build configuration list for PBXProject "learnMacOS" */;
			compatibilityVersion = "Xcode 3.2";
			developmentRegion = English;
			hasScannedForEncodings = 0;
			knownRegions = (
				en,
				Base,
			);
			mainGroup = CB707C1919FC555B0075010C;
			productRefGroup = CB707C2319FC555B0075010C /* Products */;
			projectDirPath = "";
			projectRoot = "";
			targets = (
				CB707C2119FC555B0075010C /* learnMacOS */,
				CB707C3319FC555B0075010C /* learnMacOSTests */,
			);
		};
/* End PBXProject section */

/* Begin PBXResourcesBuildPhase section */
		CB707C2019FC555B0075010C /* Resources */ = {
			isa = PBXResourcesBuildPhase;
			buildActionMask = 2147483647;
			files = (
				CB707C2C19FC555B0075010C /* Images.xcassets in Resources */,
				CB707C2F19FC555B0075010C /* Main.storyboard in Resources */,
			);
			runOnlyForDeploymentPostprocessing = 0;
		};
		CB707C3219FC555B0075010C /* Resources */ = {
			isa = PBXResourcesBuildPhase;
			buildActionMask = 2147483647;
			files = (
			);
			runOnlyForDeploymentPostprocessing = 0;
		};
/* End PBXResourcesBuildPhase section */

/* Begin PBXSourcesBuildPhase section */
		CB707C1E19FC555B0075010C /* Sources */ = {
			isa = PBXSourcesBuildPhase;
			buildActionMask = 2147483647;
			files = (
				CB707C2A19FC555B0075010C /* ViewController.swift in Sources */,
				CB707C2819FC555B0075010C /* AppDelegate.swift in Sources */,
			);
			runOnlyForDeploymentPostprocessing = 0;
		};
		CB707C3019FC555B0075010C /* Sources */ = {
			isa = PBXSourcesBuildPhase;
			buildActionMask = 2147483647;
			files = (
				CB707C3B19FC555B0075010C /* learnMacOSTests.swift in Sources */,
			);
			runOnlyForDeploymentPostprocessing = 0;
		};
/* End PBXSourcesBuildPhase section */

/* Begin PBXTargetDependency section */
		CB707C3619FC555B0075010C /* PBXTargetDependency */ = {
			isa = PBXTargetDependency;
			target = CB707C2119FC555B0075010C /* learnMacOS */;
			targetProxy = CB707C3519FC555B0075010C /* PBXContainerItemProxy */;
		};
/* End PBXTargetDependency section */

/* Begin PBXVariantGroup section */
		CB707C2D19FC555B0075010C /* Main.storyboard */ = {
			isa = PBXVariantGroup;
			children = (
				CB707C2E19FC555B0075010C /* Base */,
			);
			name = Main.storyboard;
			sourceTree = "<group>";
		};
/* End PBXVariantGroup section */

/* Begin XCBuildConfiguration section */
		CB707C3C19FC555B0075010C /* Debug */ = {
			isa = XCBuildConfiguration;
			buildSettings = {
				ALWAYS_SEARCH_USER_PATHS = NO;
				CLANG_CXX_LANGUAGE_STANDARD = "gnu++0x";
				CLANG_CXX_LIBRARY = "libc++";
				CLANG_ENABLE_MODULES = YES;
				CLANG_ENABLE_OBJC_ARC = YES;
				CLANG_WARN_BOOL_CONVERSION = YES;
				CLANG_WARN_CONSTANT_CONVERSION = YES;
				CLANG_WARN_DIRECT_OBJC_ISA_USAGE = YES_ERROR;
				CLANG_WARN_EMPTY_BODY = YES;
				CLANG_WARN_ENUM_CONVERSION = YES;
				CLANG_WARN_INT_CONVERSION = YES;
				CLANG_WARN_OBJC_ROOT_CLASS = YES_ERROR;
				CLANG_WARN_UNREACHABLE_CODE = YES;
				CLANG_WARN__DUPLICATE_METHOD_MATCH = YES;
				CODE_SIGN_IDENTITY = "-";
				COPY_PHASE_STRIP = NO;
				ENABLE_STRICT_OBJC_MSGSEND = YES;
				GCC_C_LANGUAGE_STANDARD = gnu99;
				GCC_DYNAMIC_NO_PIC = NO;
				GCC_OPTIMIZATION_LEVEL = 0;
				GCC_PREPROCESSOR_DEFINITIONS = (
					"DEBUG=1",
					"$(inherited)",
				);
				GCC_SYMBOLS_PRIVATE_EXTERN = NO;
				GCC_WARN_64_TO_32_BIT_CONVERSION = YES;
				GCC_WARN_ABOUT_RETURN_TYPE = YES_ERROR;
				GCC_WARN_UNDECLARED_SELECTOR = YES;
				GCC_WARN_UNINITIALIZED_AUTOS = YES_AGGRESSIVE;
				GCC_WARN_UNUSED_FUNCTION = YES;
				GCC_WARN_UNUSED_VARIABLE = YES;
				MACOSX_DEPLOYMENT_TARGET = 10.10;
				MTL_ENABLE_DEBUG_INFO = YES;
				ONLY_ACTIVE_ARCH = YES;
				SDKROOT = macosx;
				SWIFT_OPTIMIZATION_LEVEL = "-Onone";
			};
			name = Debug;
		};
		CB707C3D19FC555B0075010C /* Release */ = {
			isa = XCBuildConfiguration;
			buildSettings = {
				ALWAYS_SEARCH_USER_PATHS = NO;
				CLANG_CXX_LANGUAGE_STANDARD = "gnu++0x";
				CLANG_CXX_LIBRARY = "libc++";
				CLANG_ENABLE_MODULES = YES;
				CLANG_ENABLE_OBJC_ARC = YES;
				CLANG_WARN_BOOL_CONVERSION = YES;
				CLANG_WARN_CONSTANT_CONVERSION = YES;
				CLANG_WARN_DIRECT_OBJC_ISA_USAGE = YES_ERROR;
				CLANG_WARN_EMPTY_BODY = YES;
				CLANG_WARN_ENUM_CONVERSION = YES;
				CLANG_WARN_INT_CONVERSION = YES;
				CLANG_WARN_OBJC_ROOT_CLASS = YES_ERROR;
				CLANG_WARN_UNREACHABLE_CODE = YES;
				CLANG_WARN__DUPLICATE_METHOD_MATCH = YES;
				CODE_SIGN_IDENTITY = "-";
				COPY_PHASE_STRIP = YES;
				DEBUG_INFORMATION_FORMAT = "dwarf-with-dsym";
				ENABLE_NS_ASSERTIONS = NO;
				ENABLE_STRICT_OBJC_MSGSEND = YES;
				GCC_C_LANGUAGE_STANDARD = gnu99;
				GCC_WARN_64_TO_32_BIT_CONVERSION = YES;
				GCC_WARN_ABOUT_RETURN_TYPE = YES_ERROR;
				GCC_WARN_UNDECLARED_SELECTOR = YES;
				GCC_WARN_UNINITIALIZED_AUTOS = YES_AGGRESSIVE;
				GCC_WARN_UNUSED_FUNCTION = YES;
				GCC_WARN_UNUSED_VARIABLE = YES;
				MACOSX_DEPLOYMENT_TARGET = 10.10;
				MTL_ENABLE_DEBUG_INFO = NO;
				SDKROOT = macosx;
			};
			name = Release;
		};
		CB707C3F19FC555B0075010C /* Debug */ = {
			isa = XCBuildConfiguration;
			buildSettings = {
				ASSETCATALOG_COMPILER_APPICON_NAME = AppIcon;
				COMBINE_HIDPI_IMAGES = YES;
				INFOPLIST_FILE = learnMacOS/Info.plist;
				LD_RUNPATH_SEARCH_PATHS = "$(inherited) @executable_path/../Frameworks";
				PRODUCT_NAME = "$(TARGET_NAME)";
			};
			name = Debug;
		};
		CB707C4019FC555B0075010C /* Release */ = {
			isa = XCBuildConfiguration;
			buildSettings = {
				ASSETCATALOG_COMPILER_APPICON_NAME = AppIcon;
				COMBINE_HIDPI_IMAGES = YES;
				INFOPLIST_FILE = learnMacOS/Info.plist;
				LD_RUNPATH_SEARCH_PATHS = "$(inherited) @executable_path/../Frameworks";
				PRODUCT_NAME = "$(TARGET_NAME)";
			};
			name = Release;
		};
		CB707C4219FC555B0075010C /* Debug */ = {
			isa = XCBuildConfiguration;
			buildSettings = {
				BUNDLE_LOADER = "$(TEST_HOST)";
				COMBINE_HIDPI_IMAGES = YES;
				FRAMEWORK_SEARCH_PATHS = (
					"$(DEVELOPER_FRAMEWORKS_DIR)",
					"$(inherited)",
				);
				GCC_PREPROCESSOR_DEFINITIONS = (
					"DEBUG=1",
					"$(inherited)",
				);
				INFOPLIST_FILE = learnMacOSTests/Info.plist;
				LD_RUNPATH_SEARCH_PATHS = "$(inherited) @executable_path/../Frameworks @loader_path/../Frameworks";
				PRODUCT_NAME = "$(TARGET_NAME)";
				TEST_HOST = "$(BUILT_PRODUCTS_DIR)/learnMacOS.app/Contents/MacOS/learnMacOS";
			};
			name = Debug;
		};
		CB707C4319FC555B0075010C /* Release */ = {
			isa = XCBuildConfiguration;
			buildSettings = {
				BUNDLE_LOADER = "$(TEST_HOST)";
				COMBINE_HIDPI_IMAGES = YES;
				FRAMEWORK_SEARCH_PATHS = (
					"$(DEVELOPER_FRAMEWORKS_DIR)",
					"$(inherited)",
				);
				INFOPLIST_FILE = learnMacOSTests/Info.plist;
				LD_RUNPATH_SEARCH_PATHS = "$(inherited) @executable_path/../Frameworks @loader_path/../Frameworks";
				PRODUCT_NAME = "$(TARGET_NAME)";
				TEST_HOST = "$(BUILT_PRODUCTS_DIR)/learnMacOS.app/Contents/MacOS/learnMacOS";
			};
			name = Release;
		};
/* End XCBuildConfiguration section */

/* Begin XCConfigurationList section */
		CB707C1D19FC555B0075010C /* Build configuration list for PBXProject "learnMacOS" */ = {
			isa = XCConfigurationList;
			buildConfigurations = (
				CB707C3C19FC555B0075010C /* Debug */,
				CB707C3D19FC555B0075010C /* Release */,
			);
			defaultConfigurationIsVisible = 0;
			defaultConfigurationName = Release;
		};
		CB707C3E19FC555B0075010C /* Build configuration list for PBXNativeTarget "learnMacOS" */ = {
			isa = XCConfigurationList;
			buildConfigurations = (
				CB707C3F19FC555B0075010C /* Debug */,
				CB707C4019FC555B0075010C /* Release */,
			);
			defaultConfigurationIsVisible = 0;
		};
		CB707C4119FC555B0075010C /* Build configuration list for PBXNativeTarget "learnMacOSTests" */ = {
			isa = XCConfigurationList;
			buildConfigurations = (
				CB707C4219FC555B0075010C /* Debug */,
				CB707C4319FC555B0075010C /* Release */,
			);
			defaultConfigurationIsVisible = 0;
		};
/* End XCConfigurationList section */
	};
	rootObject = CB707C1A19FC555B0075010C /* Project object */;
}
